
Microsoft Visual Studio Solution File, Format Version 12.00
# Visual Studio Version 17
VisualStudioVersion = 17.3.32901.215
MinimumVisualStudioVersion = 10.0.40219.1
Project("{FAE04EC0-301F-11D3-BF4B-00C04F79EFBC}") = "Module5", "Module5\Module5.csproj", "{6E9EF258-6F58-4F49-B5D2-822E63B21B2E}"
EndProject
Project("{FAE04EC0-301F-11D3-BF4B-00C04F79EFBC}") = "Task1", "Task1\Task1.csproj", "{0B0A1C41-7198-4D22-9873-9ADDF71F2E05}"
EndProject
Global
	GlobalSection(SolutionConfigurationPlatforms) = preSolution
		Debug|Any CPU = Debug|Any CPU
		Release|Any CPU = Release|Any CPU
	EndGlobalSection
	GlobalSection(ProjectConfigurationPlatforms) = postSolution
		{6E9EF258-6F58-4F49-B5D2-822E63B21B2E}.Debug|Any CPU.ActiveCfg = Debug|Any CPU
		{6E9EF258-6F58-4F49-B5D2-822E63B21B2E}.Debug|Any CPU.Build.0 = Debug|Any CPU
		{6E9EF258-6F58-4F49-B5D2-822E63B21B2E}.Release|Any CPU.ActiveCfg = Release|Any CPU
		{6E9EF258-6F58-4F49-B5D2-822E63B21B2E}.Release|Any CPU.Build.0 = Release|Any CPU
		{0B0A1C41-7198-4D22-9873-9ADDF71F2E05}.Debug|Any CPU.ActiveCfg = Debug|Any CPU
		{0B0A1C41-7198-4D22-9873-9ADDF71F2E05}.Debug|Any CPU.Build.0 = Debug|Any CPU
		{0B0A1C41-7198-4D22-9873-9ADDF71F2E05}.Release|Any CPU.ActiveCfg = Release|Any CPU
		{0B0A1C41-7198-4D22-9873-9ADDF71F2E05}.Release|Any CPU.Build.0 = Release|Any CPU
	EndGlobalSection
	GlobalSection(SolutionProperties) = preSolution
		HideSolutionNode = FALSE
	EndGlobalSection
	GlobalSection(ExtensibilityGlobals) = postSolution
		SolutionGuid = {AFF6B52C-56F1-4FFD-A8BE-05BD67A0B656}
	EndGlobalSection
EndGlobal
